{
  "requires": true,
  "lockfileVersion": 1,
  "dependencies": {
    "@pixi/sound": {
      "version": "4.0.4",
      "resolved": "https://registry.npmjs.org/@pixi/sound/-/sound-4.0.4.tgz",
      "integrity": "sha512-nJxJNBF6oJjOjudcxeibdgHDW/9MVAGYZFtJHzG+Yc/lwX5SeQFH+aIhJoDTOjJAolE8VYOnY4OMP9n/U6998g=="
    }
  }
}
